
Microsoft Visual Studio Solution File, Format Version 12.00
# Visual Studio Version 17
VisualStudioVersion = 17.6.33815.320
MinimumVisualStudioVersion = 10.0.40219.1
Project("{FAE04EC0-301F-11D3-BF4B-00C04F79EFBC}") = "VietQRPaymentAPI", "VietQRPaymentAPI\VietQRPaymentAPI.csproj", "{C5944551-4570-4BBE-9B0E-B87E85263E09}"
EndProject
Global
	GlobalSection(SolutionConfigurationPlatforms) = preSolution
		Debug|Any CPU = Debug|Any CPU
		Release|Any CPU = Release|Any CPU
	EndGlobalSection
	GlobalSection(ProjectConfigurationPlatforms) = postSolution
		{C5944551-4570-4BBE-9B0E-B87E85263E09}.Debug|Any CPU.ActiveCfg = Debug|Any CPU
		{C5944551-4570-4BBE-9B0E-B87E85263E09}.Debug|Any CPU.Build.0 = Debug|Any CPU
		{C5944551-4570-4BBE-9B0E-B87E85263E09}.Release|Any CPU.ActiveCfg = Release|Any CPU
		{C5944551-4570-4BBE-9B0E-B87E85263E09}.Release|Any CPU.Build.0 = Release|Any CPU
	EndGlobalSection
	GlobalSection(SolutionProperties) = preSolution
		HideSolutionNode = FALSE
	EndGlobalSection
	GlobalSection(ExtensibilityGlobals) = postSolution
		SolutionGuid = {39F1E540-007A-49D5-BD6F-A9A628A263B5}
	EndGlobalSection
EndGlobal
